// !$*UTF8*$!
{
	archiveVersion = 1;
	classes = {
	};
	objectVersion = 50;
	objects = {

/* Begin PBXBuildFile section */
		F729D3B7231E15AA003A2490 /* AppDelegate.swift in Sources */ = {isa = PBXBuildFile; fileRef = F729D3B6231E15AA003A2490 /* AppDelegate.swift */; };
		F729D3B9231E15AA003A2490 /* ViewController.swift in Sources */ = {isa = PBXBuildFile; fileRef = F729D3B8231E15AA003A2490 /* ViewController.swift */; };
		F729D3BC231E15AA003A2490 /* Main.storyboard in Resources */ = {isa = PBXBuildFile; fileRef = F729D3BA231E15AA003A2490 /* Main.storyboard */; };
		F729D3BE231E15AB003A2490 /* Assets.xcassets in Resources */ = {isa = PBXBuildFile; fileRef = F729D3BD231E15AB003A2490 /* Assets.xcassets */; };
		F729D3C1231E15AB003A2490 /* LaunchScreen.storyboard in Resources */ = {isa = PBXBuildFile; fileRef = F729D3BF231E15AB003A2490 /* LaunchScreen.storyboard */; };
		F729D3CC231E16C6003A2490 /* Map.swift in Sources */ = {isa = PBXBuildFile; fileRef = F729D3CA231E16C6003A2490 /* Map.swift */; };
		F729D3CD231E16C6003A2490 /* Map.xib in Resources */ = {isa = PBXBuildFile; fileRef = F729D3CB231E16C6003A2490 /* Map.xib */; };
		F729D3CF231E16F2003A2490 /* Coordinator.swift in Sources */ = {isa = PBXBuildFile; fileRef = F729D3CE231E16F2003A2490 /* Coordinator.swift */; };
		F729D3D1231E1743003A2490 /* AppCoordinator.swift in Sources */ = {isa = PBXBuildFile; fileRef = F729D3D0231E1743003A2490 /* AppCoordinator.swift */; };
		F729D3D3231E1854003A2490 /* MapCoordinator.swift in Sources */ = {isa = PBXBuildFile; fileRef = F729D3D2231E1854003A2490 /* MapCoordinator.swift */; };
/* End PBXBuildFile section */

/* Begin PBXFileReference section */
		F729D3B3231E15AA003A2490 /* ios_weather_app.app */ = {isa = PBXFileReference; explicitFileType = wrapper.application; includeInIndex = 0; path = ios_weather_app.app; sourceTree = BUILT_PRODUCTS_DIR; };
		F729D3B6231E15AA003A2490 /* AppDelegate.swift */ = {isa = PBXFileReference; lastKnownFileType = sourcecode.swift; path = AppDelegate.swift; sourceTree = "<group>"; };
		F729D3B8231E15AA003A2490 /* ViewController.swift */ = {isa = PBXFileReference; lastKnownFileType = sourcecode.swift; path = ViewController.swift; sourceTree = "<group>"; };
		F729D3BB231E15AA003A2490 /* Base */ = {isa = PBXFileReference; lastKnownFileType = file.storyboard; name = Base; path = Base.lproj/Main.storyboard; sourceTree = "<group>"; };
		F729D3BD231E15AB003A2490 /* Assets.xcassets */ = {isa = PBXFileReference; lastKnownFileType = folder.assetcatalog; path = Assets.xcassets; sourceTree = "<group>"; };
		F729D3C0231E15AB003A2490 /* Base */ = {isa = PBXFileReference; lastKnownFileType = file.storyboard; name = Base; path = Base.lproj/LaunchScreen.storyboard; sourceTree = "<group>"; };
		F729D3C2231E15AB003A2490 /* Info.plist */ = {isa = PBXFileReference; lastKnownFileType = text.plist.xml; path = Info.plist; sourceTree = "<group>"; };
		F729D3CA231E16C6003A2490 /* Map.swift */ = {isa = PBXFileReference; lastKnownFileType = sourcecode.swift; path = Map.swift; sourceTree = "<group>"; };
		F729D3CB231E16C6003A2490 /* Map.xib */ = {isa = PBXFileReference; lastKnownFileType = file.xib; path = Map.xib; sourceTree = "<group>"; };
		F729D3CE231E16F2003A2490 /* Coordinator.swift */ = {isa = PBXFileReference; lastKnownFileType = sourcecode.swift; path = Coordinator.swift; sourceTree = "<group>"; };
		F729D3D0231E1743003A2490 /* AppCoordinator.swift */ = {isa = PBXFileReference; lastKnownFileType = sourcecode.swift; path = AppCoordinator.swift; sourceTree = "<group>"; };
		F729D3D2231E1854003A2490 /* MapCoordinator.swift */ = {isa = PBXFileReference; lastKnownFileType = sourcecode.swift; path = MapCoordinator.swift; sourceTree = "<group>"; };
/* End PBXFileReference section */

/* Begin PBXFrameworksBuildPhase section */
		F729D3B0231E15AA003A2490 /* Frameworks */ = {
			isa = PBXFrameworksBuildPhase;
			buildActionMask = 2147483647;
			files = (
			);
			runOnlyForDeploymentPostprocessing = 0;
		};
/* End PBXFrameworksBuildPhase section */

/* Begin PBXGroup section */
		F729D3AA231E15AA003A2490 = {
			isa = PBXGroup;
			children = (
				F729D3B5231E15AA003A2490 /* ios_weather_app */,
				F729D3B4231E15AA003A2490 /* Products */,
			);
			sourceTree = "<group>";
		};
		F729D3B4231E15AA003A2490 /* Products */ = {
			isa = PBXGroup;
			children = (
				F729D3B3231E15AA003A2490 /* ios_weather_app.app */,
			);
			name = Products;
			sourceTree = "<group>";
		};
		F729D3B5231E15AA003A2490 /* ios_weather_app */ = {
			isa = PBXGroup;
			children = (
				F729D3C8231E167F003A2490 /* Scenes */,
				F729D3B6231E15AA003A2490 /* AppDelegate.swift */,
				F729D3B8231E15AA003A2490 /* ViewController.swift */,
				F729D3BA231E15AA003A2490 /* Main.storyboard */,
				F729D3BD231E15AB003A2490 /* Assets.xcassets */,
				F729D3BF231E15AB003A2490 /* LaunchScreen.storyboard */,
				F729D3C2231E15AB003A2490 /* Info.plist */,
			);
			path = ios_weather_app;
			sourceTree = "<group>";
		};
		F729D3C8231E167F003A2490 /* Scenes */ = {
			isa = PBXGroup;
			children = (
				F729D3C9231E1697003A2490 /* Map */,
				F729D3CE231E16F2003A2490 /* Coordinator.swift */,
				F729D3D0231E1743003A2490 /* AppCoordinator.swift */,
			);
			path = Scenes;
			sourceTree = "<group>";
		};
		F729D3C9231E1697003A2490 /* Map */ = {
			isa = PBXGroup;
			children = (
				F729D3CA231E16C6003A2490 /* Map.swift */,
				F729D3CB231E16C6003A2490 /* Map.xib */,
				F729D3D2231E1854003A2490 /* MapCoordinator.swift */,
			);
			path = Map;
			sourceTree = "<group>";
		};
/* End PBXGroup section */

/* Begin PBXNativeTarget section */
		F729D3B2231E15AA003A2490 /* ios_weather_app */ = {
			isa = PBXNativeTarget;
			buildConfigurationList = F729D3C5231E15AB003A2490 /* Build configuration list for PBXNativeTarget "ios_weather_app" */;
			buildPhases = (
				F729D3AF231E15AA003A2490 /* Sources */,
				F729D3B0231E15AA003A2490 /* Frameworks */,
				F729D3B1231E15AA003A2490 /* Resources */,
			);
			buildRules = (
			);
			dependencies = (
			);
			name = ios_weather_app;
			productName = ios_weather_app;
			productReference = F729D3B3231E15AA003A2490 /* ios_weather_app.app */;
			productType = "com.apple.product-type.application";
		};
/* End PBXNativeTarget section */

/* Begin PBXProject section */
		F729D3AB231E15AA003A2490 /* Project object */ = {
			isa = PBXProject;
			attributes = {
				LastSwiftUpdateCheck = 1030;
				LastUpgradeCheck = 1030;
				ORGANIZATIONNAME = "iOS Intern";
				TargetAttributes = {
					F729D3B2231E15AA003A2490 = {
						CreatedOnToolsVersion = 10.3;
					};
				};
			};
			buildConfigurationList = F729D3AE231E15AA003A2490 /* Build configuration list for PBXProject "ios_weather_app" */;
			compatibilityVersion = "Xcode 9.3";
			developmentRegion = en;
			hasScannedForEncodings = 0;
			knownRegions = (
				en,
				Base,
			);
			mainGroup = F729D3AA231E15AA003A2490;
			productRefGroup = F729D3B4231E15AA003A2490 /* Products */;
			projectDirPath = "";
			projectRoot = "";
			targets = (
				F729D3B2231E15AA003A2490 /* ios_weather_app */,
			);
		};
/* End PBXProject section */

/* Begin PBXResourcesBuildPhase section */
		F729D3B1231E15AA003A2490 /* Resources */ = {
			isa = PBXResourcesBuildPhase;
			buildActionMask = 2147483647;
			files = (
				F729D3C1231E15AB003A2490 /* LaunchScreen.storyboard in Resources */,
				F729D3BE231E15AB003A2490 /* Assets.xcassets in Resources */,
				F729D3CD231E16C6003A2490 /* Map.xib in Resources */,
				F729D3BC231E15AA003A2490 /* Main.storyboard in Resources */,
			);
			runOnlyForDeploymentPostprocessing = 0;
		};
/* End PBXResourcesBuildPhase section */

/* Begin PBXSourcesBuildPhase section */
		F729D3AF231E15AA003A2490 /* Sources */ = {
			isa = PBXSourcesBuildPhase;
			buildActionMask = 2147483647;
			files = (
				F729D3CF231E16F2003A2490 /* Coordinator.swift in Sources */,
				F729D3B9231E15AA003A2490 /* ViewController.swift in Sources */,
				F729D3D1231E1743003A2490 /* AppCoordinator.swift in Sources */,
				F729D3D3231E1854003A2490 /* MapCoordinator.swift in Sources */,
				F729D3CC231E16C6003A2490 /* Map.swift in Sources */,
				F729D3B7231E15AA003A2490 /* AppDelegate.swift in Sources */,
			);
			runOnlyForDeploymentPostprocessing = 0;
		};
/* End PBXSourcesBuildPhase section */

/* Begin PBXVariantGroup section */
		F729D3BA231E15AA003A2490 /* Main.storyboard */ = {
			isa = PBXVariantGroup;
			children = (
				F729D3BB231E15AA003A2490 /* Base */,
			);
			name = Main.storyboard;
			sourceTree = "<group>";
		};
		F729D3BF231E15AB003A2490 /* LaunchScreen.storyboard */ = {
			isa = PBXVariantGroup;
			children = (
				F729D3C0231E15AB003A2490 /* Base */,
			);
			name = LaunchScreen.storyboard;
			sourceTree = "<group>";
		};
/* End PBXVariantGroup section */

/* Begin XCBuildConfiguration section */
		F729D3C3231E15AB003A2490 /* Debug */ = {
			isa = XCBuildConfiguration;
			buildSettings = {
				ALWAYS_SEARCH_USER_PATHS = NO;
				CLANG_ANALYZER_NONNULL = YES;
				CLANG_ANALYZER_NUMBER_OBJECT_CONVERSION = YES_AGGRESSIVE;
				CLANG_CXX_LANGUAGE_STANDARD = "gnu++14";
				CLANG_CXX_LIBRARY = "libc++";
				CLANG_ENABLE_MODULES = YES;
				CLANG_ENABLE_OBJC_ARC = YES;
				CLANG_ENABLE_OBJC_WEAK = YES;
				CLANG_WARN_BLOCK_CAPTURE_AUTORELEASING = YES;
				CLANG_WARN_BOOL_CONVERSION = YES;
				CLANG_WARN_COMMA = YES;
				CLANG_WARN_CONSTANT_CONVERSION = YES;
				CLANG_WARN_DEPRECATED_OBJC_IMPLEMENTATIONS = YES;
				CLANG_WARN_DIRECT_OBJC_ISA_USAGE = YES_ERROR;
				CLANG_WARN_DOCUMENTATION_COMMENTS = YES;
				CLANG_WARN_EMPTY_BODY = YES;
				CLANG_WARN_ENUM_CONVERSION = YES;
				CLANG_WARN_INFINITE_RECURSION = YES;
				CLANG_WARN_INT_CONVERSION = YES;
				CLANG_WARN_NON_LITERAL_NULL_CONVERSION = YES;
				CLANG_WARN_OBJC_IMPLICIT_RETAIN_SELF = YES;
				CLANG_WARN_OBJC_LITERAL_CONVERSION = YES;
				CLANG_WARN_OBJC_ROOT_CLASS = YES_ERROR;
				CLANG_WARN_RANGE_LOOP_ANALYSIS = YES;
				CLANG_WARN_STRICT_PROTOTYPES = YES;
				CLANG_WARN_SUSPICIOUS_MOVE = YES;
				CLANG_WARN_UNGUARDED_AVAILABILITY = YES_AGGRESSIVE;
				CLANG_WARN_UNREACHABLE_CODE = YES;
				CLANG_WARN__DUPLICATE_METHOD_MATCH = YES;
				CODE_SIGN_IDENTITY = "iPhone Developer";
				COPY_PHASE_STRIP = NO;
				DEBUG_INFORMATION_FORMAT = dwarf;
				ENABLE_STRICT_OBJC_MSGSEND = YES;
				ENABLE_TESTABILITY = YES;
				GCC_C_LANGUAGE_STANDARD = gnu11;
				GCC_DYNAMIC_NO_PIC = NO;
				GCC_NO_COMMON_BLOCKS = YES;
				GCC_OPTIMIZATION_LEVEL = 0;
				GCC_PREPROCESSOR_DEFINITIONS = (
					"DEBUG=1",
					"$(inherited)",
				);
				GCC_WARN_64_TO_32_BIT_CONVERSION = YES;
				GCC_WARN_ABOUT_RETURN_TYPE = YES_ERROR;
				GCC_WARN_UNDECLARED_SELECTOR = YES;
				GCC_WARN_UNINITIALIZED_AUTOS = YES_AGGRESSIVE;
				GCC_WARN_UNUSED_FUNCTION = YES;
				GCC_WARN_UNUSED_VARIABLE = YES;
				IPHONEOS_DEPLOYMENT_TARGET = 12.4;
				MTL_ENABLE_DEBUG_INFO = INCLUDE_SOURCE;
				MTL_FAST_MATH = YES;
				ONLY_ACTIVE_ARCH = YES;
				SDKROOT = iphoneos;
				SWIFT_ACTIVE_COMPILATION_CONDITIONS = DEBUG;
				SWIFT_OPTIMIZATION_LEVEL = "-Onone";
			};
			name = Debug;
		};
		F729D3C4231E15AB003A2490 /* Release */ = {
			isa = XCBuildConfiguration;
			buildSettings = {
				ALWAYS_SEARCH_USER_PATHS = NO;
				CLANG_ANALYZER_NONNULL = YES;
				CLANG_ANALYZER_NUMBER_OBJECT_CONVERSION = YES_AGGRESSIVE;
				CLANG_CXX_LANGUAGE_STANDARD = "gnu++14";
				CLANG_CXX_LIBRARY = "libc++";
				CLANG_ENABLE_MODULES = YES;
				CLANG_ENABLE_OBJC_ARC = YES;
				CLANG_ENABLE_OBJC_WEAK = YES;
				CLANG_WARN_BLOCK_CAPTURE_AUTORELEASING = YES;
				CLANG_WARN_BOOL_CONVERSION = YES;
				CLANG_WARN_COMMA = YES;
				CLANG_WARN_CONSTANT_CONVERSION = YES;
				CLANG_WARN_DEPRECATED_OBJC_IMPLEMENTATIONS = YES;
				CLANG_WARN_DIRECT_OBJC_ISA_USAGE = YES_ERROR;
				CLANG_WARN_DOCUMENTATION_COMMENTS = YES;
				CLANG_WARN_EMPTY_BODY = YES;
				CLANG_WARN_ENUM_CONVERSION = YES;
				CLANG_WARN_INFINITE_RECURSION = YES;
				CLANG_WARN_INT_CONVERSION = YES;
				CLANG_WARN_NON_LITERAL_NULL_CONVERSION = YES;
				CLANG_WARN_OBJC_IMPLICIT_RETAIN_SELF = YES;
				CLANG_WARN_OBJC_LITERAL_CONVERSION = YES;
				CLANG_WARN_OBJC_ROOT_CLASS = YES_ERROR;
				CLANG_WARN_RANGE_LOOP_ANALYSIS = YES;
				CLANG_WARN_STRICT_PROTOTYPES = YES;
				CLANG_WARN_SUSPICIOUS_MOVE = YES;
				CLANG_WARN_UNGUARDED_AVAILABILITY = YES_AGGRESSIVE;
				CLANG_WARN_UNREACHABLE_CODE = YES;
				CLANG_WARN__DUPLICATE_METHOD_MATCH = YES;
				CODE_SIGN_IDENTITY = "iPhone Developer";
				COPY_PHASE_STRIP = NO;
				DEBUG_INFORMATION_FORMAT = "dwarf-with-dsym";
				ENABLE_NS_ASSERTIONS = NO;
				ENABLE_STRICT_OBJC_MSGSEND = YES;
				GCC_C_LANGUAGE_STANDARD = gnu11;
				GCC_NO_COMMON_BLOCKS = YES;
				GCC_WARN_64_TO_32_BIT_CONVERSION = YES;
				GCC_WARN_ABOUT_RETURN_TYPE = YES_ERROR;
				GCC_WARN_UNDECLARED_SELECTOR = YES;
				GCC_WARN_UNINITIALIZED_AUTOS = YES_AGGRESSIVE;
				GCC_WARN_UNUSED_FUNCTION = YES;
				GCC_WARN_UNUSED_VARIABLE = YES;
				IPHONEOS_DEPLOYMENT_TARGET = 12.4;
				MTL_ENABLE_DEBUG_INFO = NO;
				MTL_FAST_MATH = YES;
				SDKROOT = iphoneos;
				SWIFT_COMPILATION_MODE = wholemodule;
				SWIFT_OPTIMIZATION_LEVEL = "-O";
				VALIDATE_PRODUCT = YES;
			};
			name = Release;
		};
		F729D3C6231E15AB003A2490 /* Debug */ = {
			isa = XCBuildConfiguration;
			buildSettings = {
				ASSETCATALOG_COMPILER_APPICON_NAME = AppIcon;
				CODE_SIGN_STYLE = Automatic;
				INFOPLIST_FILE = ios_weather_app/Info.plist;
				LD_RUNPATH_SEARCH_PATHS = (
					"$(inherited)",
					"@executable_path/Frameworks",
				);
				PRODUCT_BUNDLE_IDENTIFIER = "kode.ios-weather-app";
				PRODUCT_NAME = "$(TARGET_NAME)";
				SWIFT_VERSION = 5.0;
				TARGETED_DEVICE_FAMILY = "1,2";
			};
			name = Debug;
		};
		F729D3C7231E15AB003A2490 /* Release */ = {
			isa = XCBuildConfiguration;
			buildSettings = {
				ASSETCATALOG_COMPILER_APPICON_NAME = AppIcon;
				CODE_SIGN_STYLE = Automatic;
				INFOPLIST_FILE = ios_weather_app/Info.plist;
				LD_RUNPATH_SEARCH_PATHS = (
					"$(inherited)",
					"@executable_path/Frameworks",
				);
				PRODUCT_BUNDLE_IDENTIFIER = "kode.ios-weather-app";
				PRODUCT_NAME = "$(TARGET_NAME)";
				SWIFT_VERSION = 5.0;
				TARGETED_DEVICE_FAMILY = "1,2";
			};
			name = Release;
		};
/* End XCBuildConfiguration section */

/* Begin XCConfigurationList section */
		F729D3AE231E15AA003A2490 /* Build configuration list for PBXProject "ios_weather_app" */ = {
			isa = XCConfigurationList;
			buildConfigurations = (
				F729D3C3231E15AB003A2490 /* Debug */,
				F729D3C4231E15AB003A2490 /* Release */,
			);
			defaultConfigurationIsVisible = 0;
			defaultConfigurationName = Release;
		};
		F729D3C5231E15AB003A2490 /* Build configuration list for PBXNativeTarget "ios_weather_app" */ = {
			isa = XCConfigurationList;
			buildConfigurations = (
				F729D3C6231E15AB003A2490 /* Debug */,
				F729D3C7231E15AB003A2490 /* Release */,
			);
			defaultConfigurationIsVisible = 0;
			defaultConfigurationName = Release;
		};
/* End XCConfigurationList section */
	};
	rootObject = F729D3AB231E15AA003A2490 /* Project object */;
}
